
Microsoft Visual Studio Solution File, Format Version 12.00
# Visual Studio Version 17
VisualStudioVersion = 17.5.33627.172
MinimumVisualStudioVersion = 10.0.40219.1
Project("{9A19103F-16F7-4668-BE54-9A1E7A4F7556}") = "NewApp2023", "NewApp2023\NewApp2023.csproj", "{8C4B3CD1-C2F2-4F1A-94AD-355BC829A513}"
EndProject
Project("{FAE04EC0-301F-11D3-BF4B-00C04F79EFBC}") = "ClassLibrary", "ClassLibrary\ClassLibrary.csproj", "{193835AB-9204-4689-8FF7-FAD1D5D66B00}"
EndProject
Global
	GlobalSection(SolutionConfigurationPlatforms) = preSolution
		Debug|Any CPU = Debug|Any CPU
		Release|Any CPU = Release|Any CPU
	EndGlobalSection
	GlobalSection(ProjectConfigurationPlatforms) = postSolution
		{8C4B3CD1-C2F2-4F1A-94AD-355BC829A513}.Debug|Any CPU.ActiveCfg = Debug|Any CPU
		{8C4B3CD1-C2F2-4F1A-94AD-355BC829A513}.Debug|Any CPU.Build.0 = Debug|Any CPU
		{8C4B3CD1-C2F2-4F1A-94AD-355BC829A513}.Release|Any CPU.ActiveCfg = Release|Any CPU
		{8C4B3CD1-C2F2-4F1A-94AD-355BC829A513}.Release|Any CPU.Build.0 = Release|Any CPU
		{193835AB-9204-4689-8FF7-FAD1D5D66B00}.Debug|Any CPU.ActiveCfg = Debug|Any CPU
		{193835AB-9204-4689-8FF7-FAD1D5D66B00}.Debug|Any CPU.Build.0 = Debug|Any CPU
		{193835AB-9204-4689-8FF7-FAD1D5D66B00}.Release|Any CPU.ActiveCfg = Release|Any CPU
		{193835AB-9204-4689-8FF7-FAD1D5D66B00}.Release|Any CPU.Build.0 = Release|Any CPU
	EndGlobalSection
	GlobalSection(SolutionProperties) = preSolution
		HideSolutionNode = FALSE
	EndGlobalSection
	GlobalSection(ExtensibilityGlobals) = postSolution
		SolutionGuid = {1EF071BB-2D02-4C58-B884-2DC80B363C9A}
	EndGlobalSection
EndGlobal
